lockfileVersion: '9.0'

settings:
  autoInstallPeers: true
  excludeLinksFromLockfile: false

importers:

  .:
    dependencies:
      '@lexical/code':
        specifier: ^0.39.0
        version: 0.39.0
      '@lexical/link':
        specifier: ^0.39.0
        version: 0.39.0
      '@lexical/list':
        specifier: ^0.39.0
        version: 0.39.0
      '@lexical/markdown':
        specifier: ^0.39.0
        version: 0.39.0
      '@lexical/react':
        specifier: ^0.39.0
        version: 0.39.0(react-dom@19.2.3(react@19.2.3))(react@19.2.3)(yjs@13.6.29)
      '@lexical/rich-text':
        specifier: ^0.39.0
        version: 0.39.0
      '@lexical/utils':
        specifier: ^0.39.0
        version: 0.39.0
      LexicalDraggableBlockPlugin:
        specifier: link:@lexical/react/LexicalDraggableBlockPlugin
        version: link:@lexical/react/LexicalDraggableBlockPlugin
      lexical:
        specifier: ^0.39.0
        version: 0.39.0

packages:

  '@floating-ui/core@1.7.3':
    resolution: {integrity: sha512-sGnvb5dmrJaKEZ+LDIpguvdX3bDlEllmv4/ClQ9awcmCZrlx5jQyyMWFM5kBI+EyNOCDDiKk8il0zeuX3Zlg/w==}

  '@floating-ui/dom@1.7.4':
    resolution: {integrity: sha512-OOchDgh4F2CchOX94cRVqhvy7b3AFb+/rQXyswmzmGakRfkMgoWVjfnLWkRirfLEfuD4ysVW16eXzwt3jHIzKA==}

  '@floating-ui/react-dom@2.1.6':
    resolution: {integrity: sha512-4JX6rEatQEvlmgU80wZyq9RT96HZJa88q8hp0pBd+LrczeDI4o6uA2M+uvxngVHo4Ihr8uibXxH6+70zhAFrVw==}
    peerDependencies:
      react: '>=16.8.0'
      react-dom: '>=16.8.0'

  '@floating-ui/react@0.27.16':
    resolution: {integrity: sha512-9O8N4SeG2z++TSM8QA/KTeKFBVCNEz/AGS7gWPJf6KFRzmRWixFRnCnkPHRDwSVZW6QPDO6uT0P2SpWNKCc9/g==}
    peerDependencies:
      react: '>=17.0.0'
      react-dom: '>=17.0.0'

  '@floating-ui/utils@0.2.10':
    resolution: {integrity: sha512-aGTxbpbg8/b5JfU1HXSrbH3wXZuLPJcNEcZQFMxLs3oSzgtVu6nFPkbbGGUvBcUjKV2YyB9Wxxabo+HEH9tcRQ==}

  '@lexical/clipboard@0.39.0':
    resolution: {integrity: sha512-ylrHy8M+I5EH4utwqivslugqQhvgLTz9VEJdrb2RjbhKQEXwMcqKCRWh6cRfkYx64onE2YQE0nRIdzHhExEpLQ==}

  '@lexical/code@0.39.0':
    resolution: {integrity: sha512-3tqFOOzP5Z9nRkZPHZYmIyLXd28gMMrlAD3k2zxiH5vGnAqiYTezR24CpRDw1BaF2c8vCgY/9CNobZzjXivpIA==}

  '@lexical/devtools-core@0.39.0':
    resolution: {integrity: sha512-2ET2nFeRhcc2YMrn184wxoEOTLl3UOlugi8ozuZFa6F4UDMXPq7nZRhiQNgYzhE6Z7NLMFrcmghvx652JbEowg==}
    peerDependencies:
      react: '>=17.x'
      react-dom: '>=17.x'

  '@lexical/dragon@0.39.0':
    resolution: {integrity: sha512-JkcBAYPZGzfs29gtkePeJG9US1uwKW6PkUt8G4QZkMTt4QMDnadqXauFE+30rbpvRdeNcR7s+/jOuRHd5SurDQ==}

  '@lexical/extension@0.39.0':
    resolution: {integrity: sha512-mp/WcF8E53FWPiUHgHQz382J7u7C4+cELYNkC00dKaymf8NhS6M65Y8tyDikNGNUcLXSzaluwK0HkiKjTYGhVQ==}

  '@lexical/hashtag@0.39.0':
    resolution: {integrity: sha512-CFLNB74a607nC2GGcjKNPbo/ZnehnR3zz9+S5bfUg5dblSGKdCfxHiyr2cDwHY3dfOTu+qtimfh2Zqxz4dfghA==}

  '@lexical/history@0.39.0':
    resolution: {integrity: sha512-kuctleDime0tRDxQNDW8i5d6D/ys5Npp2yoCBmdKS8HfS/jz7uPumfZcX7wvUvNAEVExh+bY9IxqIexyGkNUtA==}

  '@lexical/html@0.39.0':
    resolution: {integrity: sha512-7VLWP5DpzBg3kKctpNK6PbhymKAtU6NAnKieopCfCIWlMW+EqpldteiIXGqSqrMRK0JWTmF1gKgr9nnQyOOsXw==}

  '@lexical/link@0.39.0':
    resolution: {integrity: sha512-L1jSF2BVRHDqIQbKYFcQt3CqtVIphRA3QAW2VooYPNlKeaAb/yfFS+C60GX1cj96b0rMlHKrNC17ik2aEBZKLQ==}

  '@lexical/list@0.39.0':
    resolution: {integrity: sha512-mxgSxUrakTCHtC+gF30BChQBJTsCMiMgfC2H5VvhcFwXMgsKE/aK9+a+C/sSvvzCmPXqzYsuAcGkJcrY3e5xlw==}

  '@lexical/mark@0.39.0':
    resolution: {integrity: sha512-wVs5498dWYOQ07FAHaFW6oYgNG3moBargf6es7+gHPzjlaoZ6Hd8sbvJtlT8F2RRlw+U+kUh4s8SjFuMSEJp0w==}

  '@lexical/markdown@0.39.0':
    resolution: {integrity: sha512-mPaKH2FSwRwU2bDbMiMtdOridaEvSLU3Q5l7bqYE+TW799C/1EEtiv4xSkI01SjV9YOxNf24VNOipAMymPueKA==}

  '@lexical/offset@0.39.0':
    resolution: {integrity: sha512-8p+16AgFsG8ecZVQlFO6TQ+zHHHg7LKPNdm9BkklkJux41Y1+9rlPO12Mgbi4x2Hy2pRA8Gd/Su3hySGqEEVlA==}

  '@lexical/overflow@0.39.0':
    resolution: {integrity: sha512-BLtF4MNDrTNQFgryw6MPWh2Fj4GMjqC/6p9bbnZ9fdwMWKGSbsSNcK9PLlBwg3IzEK3XiibFDHUbsETwUd/bfw==}

  '@lexical/plain-text@0.39.0':
    resolution: {integrity: sha512-Ep0PGF7GlBNgiJJh/DBEPLt1WXyHUb7bCYZ4MUbD31AiJdG0p5a/g9dVTUr4QtNlCIXBCZjuatHyp6e2mzMacg==}

  '@lexical/react@0.39.0':
    resolution: {integrity: sha512-6ySVb5xv99GIkVzio4qqOBxkPgOSSeFAB4o9bVqtg72JbCoEKZPnWq5VVurGe1uiRJM8jvqTseM9mo2zTvUfXQ==}
    peerDependencies:
      react: '>=17.x'
      react-dom: '>=17.x'

  '@lexical/rich-text@0.39.0':
    resolution: {integrity: sha512-UoSgRi09nLP/mmD3ijdZycr9icnqlb761rzHC1gicuPDdTu0ruxAFbGanSE2h36ihSu0IUHwkpf4gBpgPPqWBw==}

  '@lexical/selection@0.39.0':
    resolution: {integrity: sha512-j0cgNuTKDCdf/4MzRnAUwEqG6C/WQp18k2WKmX5KIVZJlhnGIJmlgSBrxjo8AuZ16DIHxTm2XNB4cUDCgZNuPA==}

  '@lexical/table@0.39.0':
    resolution: {integrity: sha512-1eH11kV4bJ0fufCYl8DpE19kHwqUI8Ev5CZwivfAtC3ntwyNkeEpjCc0pqeYYIWN/4rTZ5jgB3IJV4FntyfCzw==}

  '@lexical/text@0.39.0':
    resolution: {integrity: sha512-fcIgejtIgfMAkxio6BO1eLA2eb4oRIFoUVA2jAXdCaLVHrG/cizitbygPrgWnWd8nt1WlMuS4lxa0PJl7h7Lqg==}

  '@lexical/utils@0.39.0':
    resolution: {integrity: sha512-8YChidpMJpwQc4nex29FKUeuZzC++QCS/Jt46lPuy1GS/BZQoPHFKQ5hyVvM9QVhc5CEs4WGNoaCZvZIVN8bQw==}

  '@lexical/yjs@0.39.0':
    resolution: {integrity: sha512-peBrzIDoRWeyX9XTilKVdeJua6A+RZ24CG7lgGLEhmNSGCqpj9FqlC1Wtrul4wTSh85KlDeI1Nq30gnyeNKWYA==}
    peerDependencies:
      yjs: '>=13.5.22'

  '@preact/signals-core@1.12.1':
    resolution: {integrity: sha512-BwbTXpj+9QutoZLQvbttRg5x3l5468qaV2kufh+51yha1c53ep5dY4kTuZR35+3pAZxpfQerGJiQqg34ZNZ6uA==}

  isomorphic.js@0.2.5:
    resolution: {integrity: sha512-PIeMbHqMt4DnUP3MA/Flc0HElYjMXArsw1qwJZcm9sqR8mq3l8NYizFMty0pWwE/tzIGH3EKK5+jes5mAr85yw==}

  lexical@0.39.0:
    resolution: {integrity: sha512-lpLv7MEJH5QDujEDlYqettL3ATVtNYjqyimzqgrm0RvCm3AO9WXSdsgTxuN7IAZRu88xkxCDeYubeUf4mNZVdg==}

  lib0@0.2.117:
    resolution: {integrity: sha512-DeXj9X5xDCjgKLU/7RR+/HQEVzuuEUiwldwOGsHK/sfAfELGWEyTcf0x+uOvCvK3O2zPmZePXWL85vtia6GyZw==}
    engines: {node: '>=16'}
    hasBin: true

  prismjs@1.30.0:
    resolution: {integrity: sha512-DEvV2ZF2r2/63V+tK8hQvrR2ZGn10srHbXviTlcv7Kpzw8jWiNTqbVgjO3IY8RxrrOUF8VPMQQFysYYYv0YZxw==}
    engines: {node: '>=6'}

  react-dom@19.2.3:
    resolution: {integrity: sha512-yELu4WmLPw5Mr/lmeEpox5rw3RETacE++JgHqQzd2dg+YbJuat3jH4ingc+WPZhxaoFzdv9y33G+F7Nl5O0GBg==}
    peerDependencies:
      react: ^19.2.3

  react-error-boundary@6.0.2:
    resolution: {integrity: sha512-yvWErn55ag/ywZEFqYpXYX9rxIDPIabXIX25F184KY3F5Szk2x/cVieOflw5R47ltN3KzWOw82Lmlb4vNjyn9A==}
    peerDependencies:
      react: ^18.0.0 || ^19.0.0
      react-dom: ^18.0.0 || ^19.0.0

  react@19.2.3:
    resolution: {integrity: sha512-Ku/hhYbVjOQnXDZFv2+RibmLFGwFdeeKHFcOTlrt7xplBnya5OGn/hIRDsqDiSUcfORsDC7MPxwork8jBwsIWA==}
    engines: {node: '>=0.10.0'}

  scheduler@0.27.0:
    resolution: {integrity: sha512-eNv+WrVbKu1f3vbYJT/xtiF5syA5HPIMtf9IgY/nKg0sWqzAUEvqY/xm7OcZc/qafLx/iO9FgOmeSAp4v5ti/Q==}

  tabbable@6.4.0:
    resolution: {integrity: sha512-05PUHKSNE8ou2dwIxTngl4EzcnsCDZGJ/iCLtDflR/SHB/ny14rXc+qU5P4mG9JkusiV7EivzY9Mhm55AzAvCg==}

  yjs@13.6.29:
    resolution: {integrity: sha512-kHqDPdltoXH+X4w1lVmMtddE3Oeqq48nM40FD5ojTd8xYhQpzIDcfE2keMSU5bAgRPJBe225WTUdyUgj1DtbiQ==}
    engines: {node: '>=16.0.0', npm: '>=8.0.0'}

snapshots:

  '@floating-ui/core@1.7.3':
    dependencies:
      '@floating-ui/utils': 0.2.10

  '@floating-ui/dom@1.7.4':
    dependencies:
      '@floating-ui/core': 1.7.3
      '@floating-ui/utils': 0.2.10

  '@floating-ui/react-dom@2.1.6(react-dom@19.2.3(react@19.2.3))(react@19.2.3)':
    dependencies:
      '@floating-ui/dom': 1.7.4
      react: 19.2.3
      react-dom: 19.2.3(react@19.2.3)

  '@floating-ui/react@0.27.16(react-dom@19.2.3(react@19.2.3))(react@19.2.3)':
    dependencies:
      '@floating-ui/react-dom': 2.1.6(react-dom@19.2.3(react@19.2.3))(react@19.2.3)
      '@floating-ui/utils': 0.2.10
      react: 19.2.3
      react-dom: 19.2.3(react@19.2.3)
      tabbable: 6.4.0

  '@floating-ui/utils@0.2.10': {}

  '@lexical/clipboard@0.39.0':
    dependencies:
      '@lexical/html': 0.39.0
      '@lexical/list': 0.39.0
      '@lexical/selection': 0.39.0
      '@lexical/utils': 0.39.0
      lexical: 0.39.0

  '@lexical/code@0.39.0':
    dependencies:
      '@lexical/utils': 0.39.0
      lexical: 0.39.0
      prismjs: 1.30.0

  '@lexical/devtools-core@0.39.0(react-dom@19.2.3(react@19.2.3))(react@19.2.3)':
    dependencies:
      '@lexical/html': 0.39.0
      '@lexical/link': 0.39.0
      '@lexical/mark': 0.39.0
      '@lexical/table': 0.39.0
      '@lexical/utils': 0.39.0
      lexical: 0.39.0
      react: 19.2.3
      react-dom: 19.2.3(react@19.2.3)

  '@lexical/dragon@0.39.0':
    dependencies:
      '@lexical/extension': 0.39.0
      lexical: 0.39.0

  '@lexical/extension@0.39.0':
    dependencies:
      '@lexical/utils': 0.39.0
      '@preact/signals-core': 1.12.1
      lexical: 0.39.0

  '@lexical/hashtag@0.39.0':
    dependencies:
      '@lexical/text': 0.39.0
      '@lexical/utils': 0.39.0
      lexical: 0.39.0

  '@lexical/history@0.39.0':
    dependencies:
      '@lexical/extension': 0.39.0
      '@lexical/utils': 0.39.0
      lexical: 0.39.0

  '@lexical/html@0.39.0':
    dependencies:
      '@lexical/selection': 0.39.0
      '@lexical/utils': 0.39.0
      lexical: 0.39.0

  '@lexical/link@0.39.0':
    dependencies:
      '@lexical/extension': 0.39.0
      '@lexical/utils': 0.39.0
      lexical: 0.39.0

  '@lexical/list@0.39.0':
    dependencies:
      '@lexical/extension': 0.39.0
      '@lexical/selection': 0.39.0
      '@lexical/utils': 0.39.0
      lexical: 0.39.0

  '@lexical/mark@0.39.0':
    dependencies:
      '@lexical/utils': 0.39.0
      lexical: 0.39.0

  '@lexical/markdown@0.39.0':
    dependencies:
      '@lexical/code': 0.39.0
      '@lexical/link': 0.39.0
      '@lexical/list': 0.39.0
      '@lexical/rich-text': 0.39.0
      '@lexical/text': 0.39.0
      '@lexical/utils': 0.39.0
      lexical: 0.39.0

  '@lexical/offset@0.39.0':
    dependencies:
      lexical: 0.39.0

  '@lexical/overflow@0.39.0':
    dependencies:
      lexical: 0.39.0

  '@lexical/plain-text@0.39.0':
    dependencies:
      '@lexical/clipboard': 0.39.0
      '@lexical/dragon': 0.39.0
      '@lexical/selection': 0.39.0
      '@lexical/utils': 0.39.0
      lexical: 0.39.0

  '@lexical/react@0.39.0(react-dom@19.2.3(react@19.2.3))(react@19.2.3)(yjs@13.6.29)':
    dependencies:
      '@floating-ui/react': 0.27.16(react-dom@19.2.3(react@19.2.3))(react@19.2.3)
      '@lexical/devtools-core': 0.39.0(react-dom@19.2.3(react@19.2.3))(react@19.2.3)
      '@lexical/dragon': 0.39.0
      '@lexical/extension': 0.39.0
      '@lexical/hashtag': 0.39.0
      '@lexical/history': 0.39.0
      '@lexical/link': 0.39.0
      '@lexical/list': 0.39.0
      '@lexical/mark': 0.39.0
      '@lexical/markdown': 0.39.0
      '@lexical/overflow': 0.39.0
      '@lexical/plain-text': 0.39.0
      '@lexical/rich-text': 0.39.0
      '@lexical/table': 0.39.0
      '@lexical/text': 0.39.0
      '@lexical/utils': 0.39.0
      '@lexical/yjs': 0.39.0(yjs@13.6.29)
      lexical: 0.39.0
      react: 19.2.3
      react-dom: 19.2.3(react@19.2.3)
      react-error-boundary: 6.0.2(react-dom@19.2.3(react@19.2.3))(react@19.2.3)
    transitivePeerDependencies:
      - yjs

  '@lexical/rich-text@0.39.0':
    dependencies:
      '@lexical/clipboard': 0.39.0
      '@lexical/dragon': 0.39.0
      '@lexical/selection': 0.39.0
      '@lexical/utils': 0.39.0
      lexical: 0.39.0

  '@lexical/selection@0.39.0':
    dependencies:
      lexical: 0.39.0

  '@lexical/table@0.39.0':
    dependencies:
      '@lexical/clipboard': 0.39.0
      '@lexical/extension': 0.39.0
      '@lexical/utils': 0.39.0
      lexical: 0.39.0

  '@lexical/text@0.39.0':
    dependencies:
      lexical: 0.39.0

  '@lexical/utils@0.39.0':
    dependencies:
      '@lexical/list': 0.39.0
      '@lexical/selection': 0.39.0
      '@lexical/table': 0.39.0
      lexical: 0.39.0

  '@lexical/yjs@0.39.0(yjs@13.6.29)':
    dependencies:
      '@lexical/offset': 0.39.0
      '@lexical/selection': 0.39.0
      lexical: 0.39.0
      yjs: 13.6.29

  '@preact/signals-core@1.12.1': {}

  isomorphic.js@0.2.5: {}

  lexical@0.39.0: {}

  lib0@0.2.117:
    dependencies:
      isomorphic.js: 0.2.5

  prismjs@1.30.0: {}

  react-dom@19.2.3(react@19.2.3):
    dependencies:
      react: 19.2.3
      scheduler: 0.27.0

  react-error-boundary@6.0.2(react-dom@19.2.3(react@19.2.3))(react@19.2.3):
    dependencies:
      react: 19.2.3
      react-dom: 19.2.3(react@19.2.3)

  react@19.2.3: {}

  scheduler@0.27.0: {}

  tabbable@6.4.0: {}

  yjs@13.6.29:
    dependencies:
      lib0: 0.2.117
